
Microsoft Visual Studio Solution File, Format Version 12.00
# Visual Studio Version 17
VisualStudioVersion = 17.11.35208.52
MinimumVisualStudioVersion = 10.0.40219.1
Project("{FAE04EC0-301F-11D3-BF4B-00C04F79EFBC}") = "HelloWorld", "HelloWorld\HelloWorld.csproj", "{C5A76A7B-2067-45BF-BCCE-CBBDCDA683A0}"
EndProject
Global
	GlobalSection(SolutionConfigurationPlatforms) = preSolution
		Debug|Any CPU = Debug|Any CPU
		Release|Any CPU = Release|Any CPU
	EndGlobalSection
	GlobalSection(ProjectConfigurationPlatforms) = postSolution
		{C5A76A7B-2067-45BF-BCCE-CBBDCDA683A0}.Debug|Any CPU.ActiveCfg = Debug|Any CPU
		{C5A76A7B-2067-45BF-BCCE-CBBDCDA683A0}.Debug|Any CPU.Build.0 = Debug|Any CPU
		{C5A76A7B-2067-45BF-BCCE-CBBDCDA683A0}.Release|Any CPU.ActiveCfg = Release|Any CPU
		{C5A76A7B-2067-45BF-BCCE-CBBDCDA683A0}.Release|Any CPU.Build.0 = Release|Any CPU
	EndGlobalSection
	GlobalSection(SolutionProperties) = preSolution
		HideSolutionNode = FALSE
	EndGlobalSection
	GlobalSection(ExtensibilityGlobals) = postSolution
		SolutionGuid = {8B76E1F3-C9C4-4F58-9F9D-D97772024CFC}
	EndGlobalSection
EndGlobal
